
Microsoft Visual Studio Solution File, Format Version 12.00
# Visual Studio Version 17
VisualStudioVersion = 17.0.32014.148
MinimumVisualStudioVersion = 10.0.40219.1
Project("{FAE04EC0-301F-11D3-BF4B-00C04F79EFBC}") = "StudentDB", "StudentDB.csproj", "{C4655837-2BE3-49FB-8708-4AC7AD8ACF65}"
EndProject
Global
	GlobalSection(SolutionConfigurationPlatforms) = preSolution
		Debug|Any CPU = Debug|Any CPU
		Release|Any CPU = Release|Any CPU
	EndGlobalSection
	GlobalSection(ProjectConfigurationPlatforms) = postSolution
		{C4655837-2BE3-49FB-8708-4AC7AD8ACF65}.Debug|Any CPU.ActiveCfg = Debug|Any CPU
		{C4655837-2BE3-49FB-8708-4AC7AD8ACF65}.Debug|Any CPU.Build.0 = Debug|Any CPU
		{C4655837-2BE3-49FB-8708-4AC7AD8ACF65}.Release|Any CPU.ActiveCfg = Release|Any CPU
		{C4655837-2BE3-49FB-8708-4AC7AD8ACF65}.Release|Any CPU.Build.0 = Release|Any CPU
	EndGlobalSection
	GlobalSection(SolutionProperties) = preSolution
		HideSolutionNode = FALSE
	EndGlobalSection
	GlobalSection(ExtensibilityGlobals) = postSolution
		SolutionGuid = {27FD5252-1DF8-44E2-A5A2-D52793E798B9}
	EndGlobalSection
EndGlobal
